# This file is automatically @generated by Poetry 1.6.1 and should not be changed by hand.

[[package]]
name = "spottl"
version = "2.11.6"
description = "Pip-installable version of spot library"
optional = false
python-versions = ">=3.10,<3.12"
files = [
    {file = "spottl-2.11.6-py3-none-any.whl", hash = "sha256:1afdad95295da728a7d31430b1e2661a043ed26e9f68f344dbf7b7f902508d85"},
    {file = "spottl-2.11.6.tar.gz", hash = "sha256:f3d41186fa2e44a940953974efe285013e1de40d567618843a1787601298c088"},
]

[metadata]
lock-version = "2.0"
python-versions = "^3.10,<3.12"
content-hash = "fd400b80d4a1e0d91e9be31922261011d35c0eb796c5292f621f9beb8e2fb0db"
